{
  "name": "仿掘金plus",
  "lockfileVersion": 2,
  "requires": true,
  "packages": {
    "": {
      "dependencies": {
        "handlebars": "^4.7.7",
        "template_js": "^2.4.0",
        "vue3-infinite-list": "^0.2.5"
      }
    },
    "node_modules/@babel/runtime": {
      "version": "7.18.9",
      "resolved": "https://registry.npmjs.org/@babel/runtime/-/runtime-7.18.9.tgz",
      "integrity": "sha512-lkqXDcvlFT5rvEjiu6+QYO+1GXrEHRo2LOtS7E4GtX5ESIZOgepqsZBVIj6Pv+a6zqsya9VCgiK1KAK4BvJDAw==",
      "dependencies": {
        "regenerator-runtime": "^0.13.4"
      },
      "engines": {
        "node": ">=6.9.0"
      }
    },
    "node_modules/@jsmini/extend": {
      "version": "0.3.3",
      "resolved": "https://registry.npmjs.org/@jsmini/extend/-/extend-0.3.3.tgz",
      "integrity": "sha512-kR8IOP+cwS1f+RF/GFO4pzODqGtubE0XsqAoYDYsK6JGQ8YLsrGuY2ZolpjvwrzjR/vOpuaYpeS9RUfvowSJjA==",
      "dependencies": {
        "@babel/runtime": "^7.1.2",
        "@jsmini/is": "^0.8.4"
      },
      "engines": {
        "node": ">= 0.12.0"
      }
    },
    "node_modules/@jsmini/is": {
      "version": "0.8.5",
      "resolved": "https://registry.npmjs.org/@jsmini/is/-/is-0.8.5.tgz",
      "integrity": "sha512-YVyM6emY6JT/b9D53Nsk32dyccwk2JC7brrh+g+HcWLqa/YLcct7/jbSubIM5jb4ziZfRiygep1hCfL4Wd7XQg==",
      "dependencies": {
        "@babel/runtime": "^7.1.2",
        "@jsmini/type": "^0.9.1"
      },
      "engines": {
        "node": ">= 0.12.0"
      }
    },
    "node_modules/@jsmini/type": {
      "version": "0.9.2",
      "resolved": "https://registry.npmjs.org/@jsmini/type/-/type-0.9.2.tgz",
      "integrity": "sha512-fTsXi1wQQOfSy3KjowGIZE4rrr1U8RpsHG0m/4lxB0s7OD5ghX51PaRL/2heAGD4uDaJzeHYcW9aAwF/v5kUkg==",
      "dependencies": {
        "@babel/runtime": "^7.1.2"
      },
      "engines": {
        "node": ">= 0.12.0"
      }
    },
    "node_modules/@templatejs/parser": {
      "version": "2.4.0",
      "resolved": "https://registry.npmjs.org/@templatejs/parser/-/parser-2.4.0.tgz",
      "integrity": "sha512-tcv2c7GcDudIF3NemwtO0LhIsFjWyv/NMUn9t2iWzGskbA12QWwck6ucHjsU4APHu2Cx92rqKVU0hMkzToqfsw==",
      "dependencies": {
        "@babel/runtime": "^7.1.2",
        "@jsmini/extend": "^0.3.3"
      },
      "engines": {
        "node": ">= 0.12.0"
      }
    },
    "node_modules/@templatejs/runtime": {
      "version": "2.4.0",
      "resolved": "https://registry.npmjs.org/@templatejs/runtime/-/runtime-2.4.0.tgz",
      "integrity": "sha512-fhnxE4BqOhmkYvNs5PRireRenZnxsfYQlWzNZX5Fb7muJM9+fehgoNOsgGmwYbCdB65lTlnypQKohDuQz365Lw==",
      "dependencies": {
        "@babel/runtime": "^7.1.2",
        "@jsmini/extend": "^0.3.3",
        "@jsmini/type": "^0.9.2",
        "@templatejs/parser": "^2.4.0"
      },
      "engines": {
        "node": ">= 0.12.0"
      }
    },
    "node_modules/handlebars": {
      "version": "4.7.7",
      "resolved": "https://registry.npmjs.org/handlebars/-/handlebars-4.7.7.tgz",
      "integrity": "sha512-aAcXm5OAfE/8IXkcZvCepKU3VzW1/39Fb5ZuqMtgI/hT8X2YgoMvBY5dLhq/cpOvw7Lk1nK/UF71aLG/ZnVYRA==",
      "dependencies": {
        "minimist": "^1.2.5",
        "neo-async": "^2.6.0",
        "source-map": "^0.6.1",
        "wordwrap": "^1.0.0"
      },
      "bin": {
        "handlebars": "bin/handlebars"
      },
      "engines": {
        "node": ">=0.4.7"
      },
      "optionalDependencies": {
        "uglify-js": "^3.1.4"
      }
    },
    "node_modules/minimist": {
      "version": "1.2.6",
      "resolved": "https://registry.npmjs.org/minimist/-/minimist-1.2.6.tgz",
      "integrity": "sha512-Jsjnk4bw3YJqYzbdyBiNsPWHPfO++UGG749Cxs6peCu5Xg4nrena6OVxOYxrQTqww0Jmwt+Ref8rggumkTLz9Q=="
    },
    "node_modules/neo-async": {
      "version": "2.6.2",
      "resolved": "https://registry.npmjs.org/neo-async/-/neo-async-2.6.2.tgz",
      "integrity": "sha512-Yd3UES5mWCSqR+qNT93S3UoYUkqAZ9lLg8a7g9rimsWmYGK8cVToA4/sF3RrshdyV3sAGMXVUmpMYOw+dLpOuw=="
    },
    "node_modules/regenerator-runtime": {
      "version": "0.13.9",
      "resolved": "https://registry.npmjs.org/regenerator-runtime/-/regenerator-runtime-0.13.9.tgz",
      "integrity": "sha512-p3VT+cOEgxFsRRA9X4lkI1E+k2/CtnKtU4gcxyaCUreilL/vqI6CdZ3wxVUx3UOUg+gnUOQQcRI7BmSI656MYA=="
    },
    "node_modules/source-map": {
      "version": "0.6.1",
      "resolved": "https://registry.npmjs.org/source-map/-/source-map-0.6.1.tgz",
      "integrity": "sha512-UjgapumWlbMhkBgzT7Ykc5YXUT46F0iKu8SGXq0bcwP5dz/h0Plj6enJqjz1Zbq2l5WaqYnrVbwWOWMyF3F47g==",
      "engines": {
        "node": ">=0.10.0"
      }
    },
    "node_modules/template_js": {
      "version": "2.4.0",
      "resolved": "https://registry.npmjs.org/template_js/-/template_js-2.4.0.tgz",
      "integrity": "sha512-v/+rdh0HSkFGG+BpFMGnYIQd6F5+m+kB3EQrcmvAzVIP43nbAlpuY5Dgrb9jA0csvzfczEqFkLEOrtzw23mo8Q==",
      "dependencies": {
        "@babel/runtime": "^7.1.2",
        "@jsmini/extend": "^0.3.3",
        "@jsmini/type": "^0.9.2",
        "@templatejs/parser": "^2.4.0",
        "@templatejs/runtime": "^2.4.0"
      },
      "engines": {
        "node": ">= 0.12.0"
      }
    },
    "node_modules/uglify-js": {
      "version": "3.17.0",
      "resolved": "https://registry.npmjs.org/uglify-js/-/uglify-js-3.17.0.tgz",
      "integrity": "sha512-aTeNPVmgIMPpm1cxXr2Q/nEbvkmV8yq66F3om7X3P/cvOXQ0TMQ64Wk63iyT1gPlmdmGzjGpyLh1f3y8MZWXGg==",
      "optional": true,
      "bin": {
        "uglifyjs": "bin/uglifyjs"
      },
      "engines": {
        "node": ">=0.8.0"
      }
    },
    "node_modules/vue": {
      "version": "2.6.14",
      "resolved": "https://registry.npmjs.org/vue/-/vue-2.6.14.tgz",
      "integrity": "sha512-x2284lgYvjOMj3Za7kqzRcUSxBboHqtgRE2zlos1qWaOye5yUmHn42LB1250NJBLRwEcdrB0JRwyPTEPhfQjiQ==",
      "peer": true
    },
    "node_modules/vue-demi": {
      "version": "0.13.8",
      "resolved": "https://registry.npmjs.org/vue-demi/-/vue-demi-0.13.8.tgz",
      "integrity": "sha512-Vy1zbZhCOdsmvGR6tJhAvO5vhP7eiS8xkbYQSoVa7o6KlIy3W8Rc53ED4qI4qpeRDjv3mLfXSEpYU6Yq4pgXRg==",
      "hasInstallScript": true,
      "bin": {
        "vue-demi-fix": "bin/vue-demi-fix.js",
        "vue-demi-switch": "bin/vue-demi-switch.js"
      },
      "engines": {
        "node": ">=12"
      },
      "funding": {
        "url": "https://github.com/sponsors/antfu"
      },
      "peerDependencies": {
        "@vue/composition-api": "^1.0.0-rc.1",
        "vue": "^3.0.0-0 || ^2.6.0"
      },
      "peerDependenciesMeta": {
        "@vue/composition-api": {
          "optional": true
        }
      }
    },
    "node_modules/vue3-infinite-list": {
      "version": "0.2.5",
      "resolved": "https://registry.npmjs.org/vue3-infinite-list/-/vue3-infinite-list-0.2.5.tgz",
      "integrity": "sha512-3G8ePqOtJJ/TW/0vdbcy9wFdN7vXxsTjXjp0u22FjOVMCQFJrs45Vjaws2ffoPU3kXn+waT1qOP+w3fuwKcqaw==",
      "dependencies": {
        "vue-demi": "latest"
      },
      "peerDependencies": {
        "@vue/composition-api": "1",
        "vue": "^2.0.0 || >=3.0.0"
      },
      "peerDependenciesMeta": {
        "@vue/composition-api": {
          "optional": true
        }
      }
    },
    "node_modules/wordwrap": {
      "version": "1.0.0",
      "resolved": "https://registry.npmjs.org/wordwrap/-/wordwrap-1.0.0.tgz",
      "integrity": "sha512-gvVzJFlPycKc5dZN4yPkP8w7Dc37BtP1yczEneOb4uq34pXZcvrtRTmWV8W+Ume+XCxKgbjM+nevkyFPMybd4Q=="
    }
  },
  "dependencies": {
    "@babel/runtime": {
      "version": "7.18.9",
      "resolved": "https://registry.npmjs.org/@babel/runtime/-/runtime-7.18.9.tgz",
      "integrity": "sha512-lkqXDcvlFT5rvEjiu6+QYO+1GXrEHRo2LOtS7E4GtX5ESIZOgepqsZBVIj6Pv+a6zqsya9VCgiK1KAK4BvJDAw==",
      "requires": {
        "regenerator-runtime": "^0.13.4"
      }
    },
    "@jsmini/extend": {
      "version": "0.3.3",
      "resolved": "https://registry.npmjs.org/@jsmini/extend/-/extend-0.3.3.tgz",
      "integrity": "sha512-kR8IOP+cwS1f+RF/GFO4pzODqGtubE0XsqAoYDYsK6JGQ8YLsrGuY2ZolpjvwrzjR/vOpuaYpeS9RUfvowSJjA==",
      "requires": {
        "@babel/runtime": "^7.1.2",
        "@jsmini/is": "^0.8.4"
      }
    },
    "@jsmini/is": {
      "version": "0.8.5",
      "resolved": "https://registry.npmjs.org/@jsmini/is/-/is-0.8.5.tgz",
      "integrity": "sha512-YVyM6emY6JT/b9D53Nsk32dyccwk2JC7brrh+g+HcWLqa/YLcct7/jbSubIM5jb4ziZfRiygep1hCfL4Wd7XQg==",
      "requires": {
        "@babel/runtime": "^7.1.2",
        "@jsmini/type": "^0.9.1"
      }
    },
    "@jsmini/type": {
      "version": "0.9.2",
      "resolved": "https://registry.npmjs.org/@jsmini/type/-/type-0.9.2.tgz",
      "integrity": "sha512-fTsXi1wQQOfSy3KjowGIZE4rrr1U8RpsHG0m/4lxB0s7OD5ghX51PaRL/2heAGD4uDaJzeHYcW9aAwF/v5kUkg==",
      "requires": {
        "@babel/runtime": "^7.1.2"
      }
    },
    "@templatejs/parser": {
      "version": "2.4.0",
      "resolved": "https://registry.npmjs.org/@templatejs/parser/-/parser-2.4.0.tgz",
      "integrity": "sha512-tcv2c7GcDudIF3NemwtO0LhIsFjWyv/NMUn9t2iWzGskbA12QWwck6ucHjsU4APHu2Cx92rqKVU0hMkzToqfsw==",
      "requires": {
        "@babel/runtime": "^7.1.2",
        "@jsmini/extend": "^0.3.3"
      }
    },
    "@templatejs/runtime": {
      "version": "2.4.0",
      "resolved": "https://registry.npmjs.org/@templatejs/runtime/-/runtime-2.4.0.tgz",
      "integrity": "sha512-fhnxE4BqOhmkYvNs5PRireRenZnxsfYQlWzNZX5Fb7muJM9+fehgoNOsgGmwYbCdB65lTlnypQKohDuQz365Lw==",
      "requires": {
        "@babel/runtime": "^7.1.2",
        "@jsmini/extend": "^0.3.3",
        "@jsmini/type": "^0.9.2",
        "@templatejs/parser": "^2.4.0"
      }
    },
    "handlebars": {
      "version": "4.7.7",
      "resolved": "https://registry.npmjs.org/handlebars/-/handlebars-4.7.7.tgz",
      "integrity": "sha512-aAcXm5OAfE/8IXkcZvCepKU3VzW1/39Fb5ZuqMtgI/hT8X2YgoMvBY5dLhq/cpOvw7Lk1nK/UF71aLG/ZnVYRA==",
      "requires": {
        "minimist": "^1.2.5",
        "neo-async": "^2.6.0",
        "source-map": "^0.6.1",
        "uglify-js": "^3.1.4",
        "wordwrap": "^1.0.0"
      }
    },
    "minimist": {
      "version": "1.2.6",
      "resolved": "https://registry.npmjs.org/minimist/-/minimist-1.2.6.tgz",
      "integrity": "sha512-Jsjnk4bw3YJqYzbdyBiNsPWHPfO++UGG749Cxs6peCu5Xg4nrena6OVxOYxrQTqww0Jmwt+Ref8rggumkTLz9Q=="
    },
    "neo-async": {
      "version": "2.6.2",
      "resolved": "https://registry.npmjs.org/neo-async/-/neo-async-2.6.2.tgz",
      "integrity": "sha512-Yd3UES5mWCSqR+qNT93S3UoYUkqAZ9lLg8a7g9rimsWmYGK8cVToA4/sF3RrshdyV3sAGMXVUmpMYOw+dLpOuw=="
    },
    "regenerator-runtime": {
      "version": "0.13.9",
      "resolved": "https://registry.npmjs.org/regenerator-runtime/-/regenerator-runtime-0.13.9.tgz",
      "integrity": "sha512-p3VT+cOEgxFsRRA9X4lkI1E+k2/CtnKtU4gcxyaCUreilL/vqI6CdZ3wxVUx3UOUg+gnUOQQcRI7BmSI656MYA=="
    },
    "source-map": {
      "version": "0.6.1",
      "resolved": "https://registry.npmjs.org/source-map/-/source-map-0.6.1.tgz",
      "integrity": "sha512-UjgapumWlbMhkBgzT7Ykc5YXUT46F0iKu8SGXq0bcwP5dz/h0Plj6enJqjz1Zbq2l5WaqYnrVbwWOWMyF3F47g=="
    },
    "template_js": {
      "version": "2.4.0",
      "resolved": "https://registry.npmjs.org/template_js/-/template_js-2.4.0.tgz",
      "integrity": "sha512-v/+rdh0HSkFGG+BpFMGnYIQd6F5+m+kB3EQrcmvAzVIP43nbAlpuY5Dgrb9jA0csvzfczEqFkLEOrtzw23mo8Q==",
      "requires": {
        "@babel/runtime": "^7.1.2",
        "@jsmini/extend": "^0.3.3",
        "@jsmini/type": "^0.9.2",
        "@templatejs/parser": "^2.4.0",
        "@templatejs/runtime": "^2.4.0"
      }
    },
    "uglify-js": {
      "version": "3.17.0",
      "resolved": "https://registry.npmjs.org/uglify-js/-/uglify-js-3.17.0.tgz",
      "integrity": "sha512-aTeNPVmgIMPpm1cxXr2Q/nEbvkmV8yq66F3om7X3P/cvOXQ0TMQ64Wk63iyT1gPlmdmGzjGpyLh1f3y8MZWXGg==",
      "optional": true
    },
    "vue": {
      "version": "2.6.14",
      "resolved": "https://registry.npmjs.org/vue/-/vue-2.6.14.tgz",
      "integrity": "sha512-x2284lgYvjOMj3Za7kqzRcUSxBboHqtgRE2zlos1qWaOye5yUmHn42LB1250NJBLRwEcdrB0JRwyPTEPhfQjiQ==",
      "peer": true
    },
    "vue-demi": {
      "version": "0.13.8",
      "resolved": "https://registry.npmjs.org/vue-demi/-/vue-demi-0.13.8.tgz",
      "integrity": "sha512-Vy1zbZhCOdsmvGR6tJhAvO5vhP7eiS8xkbYQSoVa7o6KlIy3W8Rc53ED4qI4qpeRDjv3mLfXSEpYU6Yq4pgXRg==",
      "requires": {}
    },
    "vue3-infinite-list": {
      "version": "0.2.5",
      "resolved": "https://registry.npmjs.org/vue3-infinite-list/-/vue3-infinite-list-0.2.5.tgz",
      "integrity": "sha512-3G8ePqOtJJ/TW/0vdbcy9wFdN7vXxsTjXjp0u22FjOVMCQFJrs45Vjaws2ffoPU3kXn+waT1qOP+w3fuwKcqaw==",
      "requires": {
        "vue-demi": "latest"
      }
    },
    "wordwrap": {
      "version": "1.0.0",
      "resolved": "https://registry.npmjs.org/wordwrap/-/wordwrap-1.0.0.tgz",
      "integrity": "sha512-gvVzJFlPycKc5dZN4yPkP8w7Dc37BtP1yczEneOb4uq34pXZcvrtRTmWV8W+Ume+XCxKgbjM+nevkyFPMybd4Q=="
    }
  }
}
